// !$*UTF8*$!
{
	archiveVersion = 1;
	classes = {
	};
	objectVersion = 55;
	objects = {

/* Begin PBXBuildFile section */
		4607A75327219F5700135508 /* AppDelegate.swift in Sources */ = {isa = PBXBuildFile; fileRef = 4607A75227219F5700135508 /* AppDelegate.swift */; };
		4607A75527219F5700135508 /* SceneDelegate.swift in Sources */ = {isa = PBXBuildFile; fileRef = 4607A75427219F5700135508 /* SceneDelegate.swift */; };
		4607A75727219F5700135508 /* AuthViewController.swift in Sources */ = {isa = PBXBuildFile; fileRef = 4607A75627219F5700135508 /* AuthViewController.swift */; };
		4607A75C27219F5800135508 /* Assets.xcassets in Resources */ = {isa = PBXBuildFile; fileRef = 4607A75B27219F5800135508 /* Assets.xcassets */; };
		4607A75F27219F5800135508 /* LaunchScreen.storyboard in Resources */ = {isa = PBXBuildFile; fileRef = 4607A75D27219F5800135508 /* LaunchScreen.storyboard */; };
		4607A76A27219F5800135508 /* ChatTests.swift in Sources */ = {isa = PBXBuildFile; fileRef = 4607A76927219F5800135508 /* ChatTests.swift */; };
		4607A77427219F5800135508 /* ChatUITests.swift in Sources */ = {isa = PBXBuildFile; fileRef = 4607A77327219F5800135508 /* ChatUITests.swift */; };
		4607A77627219F5800135508 /* ChatUITestsLaunchTests.swift in Sources */ = {isa = PBXBuildFile; fileRef = 4607A77527219F5800135508 /* ChatUITestsLaunchTests.swift */; };
		4607A7842721BAAB00135508 /* UIButton + Extension.swift in Sources */ = {isa = PBXBuildFile; fileRef = 4607A7832721BAAB00135508 /* UIButton + Extension.swift */; };
		4607A7862721BCCC00135508 /* UIFont + Extension.swift in Sources */ = {isa = PBXBuildFile; fileRef = 4607A7852721BCCC00135508 /* UIFont + Extension.swift */; };
		4607A7892721BE8000135508 /* UIColor + Extension.swift in Sources */ = {isa = PBXBuildFile; fileRef = 4607A7882721BE8000135508 /* UIColor + Extension.swift */; };
		4607A78B2721BEE100135508 /* Colors.xcassets in Resources */ = {isa = PBXBuildFile; fileRef = 4607A78A2721BEE100135508 /* Colors.xcassets */; };
		4607A78D2721C29E00135508 /* UILabel + Extension.swift in Sources */ = {isa = PBXBuildFile; fileRef = 4607A78C2721C29E00135508 /* UILabel + Extension.swift */; };
		4607A78F2721C37C00135508 /* UIImageView + Extension.swift in Sources */ = {isa = PBXBuildFile; fileRef = 4607A78E2721C37C00135508 /* UIImageView + Extension.swift */; };
		4607A7912721C41A00135508 /* UIImage + Extension.swift in Sources */ = {isa = PBXBuildFile; fileRef = 4607A7902721C41A00135508 /* UIImage + Extension.swift */; };
		4607A7942722A6AD00135508 /* ButtonFormView.swift in Sources */ = {isa = PBXBuildFile; fileRef = 4607A7932722A6AD00135508 /* ButtonFormView.swift */; };
		4607A7962722B0BF00135508 /* UIStackView + Extension.swift in Sources */ = {isa = PBXBuildFile; fileRef = 4607A7952722B0BF00135508 /* UIStackView + Extension.swift */; };
		4607A79A2722B51A00135508 /* SignUpViewController.swift in Sources */ = {isa = PBXBuildFile; fileRef = 4607A7992722B51A00135508 /* SignUpViewController.swift */; };
		6098D94FB9B2887E83F4DA46 /* Pods_ChatTests.framework in Frameworks */ = {isa = PBXBuildFile; fileRef = E5AB81D7D0F5877A217F6352 /* Pods_ChatTests.framework */; };
		6394AFEE1DEDDDB31F99F758 /* Pods_Chat_ChatUITests.framework in Frameworks */ = {isa = PBXBuildFile; fileRef = 863DF11B08EE0EA722A8AE67 /* Pods_Chat_ChatUITests.framework */; };
		6E3E1CAAF4045E267AD149BE /* Pods_Chat.framework in Frameworks */ = {isa = PBXBuildFile; fileRef = C0683BE75C4E2975AB3CCCB3 /* Pods_Chat.framework */; };
/* End PBXBuildFile section */

/* Begin PBXContainerItemProxy section */
		4607A76627219F5800135508 /* PBXContainerItemProxy */ = {
			isa = PBXContainerItemProxy;
			containerPortal = 4607A74727219F5700135508 /* Project object */;
			proxyType = 1;
			remoteGlobalIDString = 4607A74E27219F5700135508;
			remoteInfo = Chat;
		};
		4607A77027219F5800135508 /* PBXContainerItemProxy */ = {
			isa = PBXContainerItemProxy;
			containerPortal = 4607A74727219F5700135508 /* Project object */;
			proxyType = 1;
			remoteGlobalIDString = 4607A74E27219F5700135508;
			remoteInfo = Chat;
		};
/* End PBXContainerItemProxy section */

/* Begin PBXFileReference section */
		0C5D5A5691E458677317B937 /* Pods-ChatTests.release.xcconfig */ = {isa = PBXFileReference; includeInIndex = 1; lastKnownFileType = text.xcconfig; name = "Pods-ChatTests.release.xcconfig"; path = "Target Support Files/Pods-ChatTests/Pods-ChatTests.release.xcconfig"; sourceTree = "<group>"; };
		4607A74F27219F5700135508 /* Chat.app */ = {isa = PBXFileReference; explicitFileType = wrapper.application; includeInIndex = 0; path = Chat.app; sourceTree = BUILT_PRODUCTS_DIR; };
		4607A75227219F5700135508 /* AppDelegate.swift */ = {isa = PBXFileReference; lastKnownFileType = sourcecode.swift; path = AppDelegate.swift; sourceTree = "<group>"; };
		4607A75427219F5700135508 /* SceneDelegate.swift */ = {isa = PBXFileReference; lastKnownFileType = sourcecode.swift; path = SceneDelegate.swift; sourceTree = "<group>"; };
		4607A75627219F5700135508 /* AuthViewController.swift */ = {isa = PBXFileReference; lastKnownFileType = sourcecode.swift; path = AuthViewController.swift; sourceTree = "<group>"; };
		4607A75B27219F5800135508 /* Assets.xcassets */ = {isa = PBXFileReference; lastKnownFileType = folder.assetcatalog; path = Assets.xcassets; sourceTree = "<group>"; };
		4607A75E27219F5800135508 /* Base */ = {isa = PBXFileReference; lastKnownFileType = file.storyboard; name = Base; path = Base.lproj/LaunchScreen.storyboard; sourceTree = "<group>"; };
		4607A76027219F5800135508 /* Info.plist */ = {isa = PBXFileReference; lastKnownFileType = text.plist.xml; path = Info.plist; sourceTree = "<group>"; };
		4607A76527219F5800135508 /* ChatTests.xctest */ = {isa = PBXFileReference; explicitFileType = wrapper.cfbundle; includeInIndex = 0; path = ChatTests.xctest; sourceTree = BUILT_PRODUCTS_DIR; };
		4607A76927219F5800135508 /* ChatTests.swift */ = {isa = PBXFileReference; lastKnownFileType = sourcecode.swift; path = ChatTests.swift; sourceTree = "<group>"; };
		4607A76F27219F5800135508 /* ChatUITests.xctest */ = {isa = PBXFileReference; explicitFileType = wrapper.cfbundle; includeInIndex = 0; path = ChatUITests.xctest; sourceTree = BUILT_PRODUCTS_DIR; };
		4607A77327219F5800135508 /* ChatUITests.swift */ = {isa = PBXFileReference; lastKnownFileType = sourcecode.swift; path = ChatUITests.swift; sourceTree = "<group>"; };
		4607A77527219F5800135508 /* ChatUITestsLaunchTests.swift */ = {isa = PBXFileReference; lastKnownFileType = sourcecode.swift; path = ChatUITestsLaunchTests.swift; sourceTree = "<group>"; };
		4607A7832721BAAB00135508 /* UIButton + Extension.swift */ = {isa = PBXFileReference; lastKnownFileType = sourcecode.swift; path = "UIButton + Extension.swift"; sourceTree = "<group>"; };
		4607A7852721BCCC00135508 /* UIFont + Extension.swift */ = {isa = PBXFileReference; lastKnownFileType = sourcecode.swift; path = "UIFont + Extension.swift"; sourceTree = "<group>"; };
		4607A7882721BE8000135508 /* UIColor + Extension.swift */ = {isa = PBXFileReference; lastKnownFileType = sourcecode.swift; path = "UIColor + Extension.swift"; sourceTree = "<group>"; };
		4607A78A2721BEE100135508 /* Colors.xcassets */ = {isa = PBXFileReference; lastKnownFileType = folder.assetcatalog; path = Colors.xcassets; sourceTree = "<group>"; };
		4607A78C2721C29E00135508 /* UILabel + Extension.swift */ = {isa = PBXFileReference; lastKnownFileType = sourcecode.swift; path = "UILabel + Extension.swift"; sourceTree = "<group>"; };
		4607A78E2721C37C00135508 /* UIImageView + Extension.swift */ = {isa = PBXFileReference; lastKnownFileType = sourcecode.swift; path = "UIImageView + Extension.swift"; sourceTree = "<group>"; };
		4607A7902721C41A00135508 /* UIImage + Extension.swift */ = {isa = PBXFileReference; lastKnownFileType = sourcecode.swift; path = "UIImage + Extension.swift"; sourceTree = "<group>"; };
		4607A7932722A6AD00135508 /* ButtonFormView.swift */ = {isa = PBXFileReference; lastKnownFileType = sourcecode.swift; path = ButtonFormView.swift; sourceTree = "<group>"; };
		4607A7952722B0BF00135508 /* UIStackView + Extension.swift */ = {isa = PBXFileReference; lastKnownFileType = sourcecode.swift; path = "UIStackView + Extension.swift"; sourceTree = "<group>"; };
		4607A7992722B51A00135508 /* SignUpViewController.swift */ = {isa = PBXFileReference; lastKnownFileType = sourcecode.swift; path = SignUpViewController.swift; sourceTree = "<group>"; };
		603B431D22EF6CAA8BB6D34A /* Pods-ChatTests.debug.xcconfig */ = {isa = PBXFileReference; includeInIndex = 1; lastKnownFileType = text.xcconfig; name = "Pods-ChatTests.debug.xcconfig"; path = "Target Support Files/Pods-ChatTests/Pods-ChatTests.debug.xcconfig"; sourceTree = "<group>"; };
		863DF11B08EE0EA722A8AE67 /* Pods_Chat_ChatUITests.framework */ = {isa = PBXFileReference; explicitFileType = wrapper.framework; includeInIndex = 0; path = Pods_Chat_ChatUITests.framework; sourceTree = BUILT_PRODUCTS_DIR; };
		920BB45E05087FEB12D96DD9 /* Pods-Chat-ChatUITests.debug.xcconfig */ = {isa = PBXFileReference; includeInIndex = 1; lastKnownFileType = text.xcconfig; name = "Pods-Chat-ChatUITests.debug.xcconfig"; path = "Target Support Files/Pods-Chat-ChatUITests/Pods-Chat-ChatUITests.debug.xcconfig"; sourceTree = "<group>"; };
		92926086DB621758F02776C1 /* Pods-Chat-ChatUITests.release.xcconfig */ = {isa = PBXFileReference; includeInIndex = 1; lastKnownFileType = text.xcconfig; name = "Pods-Chat-ChatUITests.release.xcconfig"; path = "Target Support Files/Pods-Chat-ChatUITests/Pods-Chat-ChatUITests.release.xcconfig"; sourceTree = "<group>"; };
		A7BB53021D1C2BB1FCDCF868 /* Pods-Chat.release.xcconfig */ = {isa = PBXFileReference; includeInIndex = 1; lastKnownFileType = text.xcconfig; name = "Pods-Chat.release.xcconfig"; path = "Target Support Files/Pods-Chat/Pods-Chat.release.xcconfig"; sourceTree = "<group>"; };
		B3247CEC6535137D1E4FF0A7 /* Pods-Chat.debug.xcconfig */ = {isa = PBXFileReference; includeInIndex = 1; lastKnownFileType = text.xcconfig; name = "Pods-Chat.debug.xcconfig"; path = "Target Support Files/Pods-Chat/Pods-Chat.debug.xcconfig"; sourceTree = "<group>"; };
		C0683BE75C4E2975AB3CCCB3 /* Pods_Chat.framework */ = {isa = PBXFileReference; explicitFileType = wrapper.framework; includeInIndex = 0; path = Pods_Chat.framework; sourceTree = BUILT_PRODUCTS_DIR; };
		E5AB81D7D0F5877A217F6352 /* Pods_ChatTests.framework */ = {isa = PBXFileReference; explicitFileType = wrapper.framework; includeInIndex = 0; path = Pods_ChatTests.framework; sourceTree = BUILT_PRODUCTS_DIR; };
/* End PBXFileReference section */

/* Begin PBXFrameworksBuildPhase section */
		4607A74C27219F5700135508 /* Frameworks */ = {
			isa = PBXFrameworksBuildPhase;
			buildActionMask = 2147483647;
			files = (
				6E3E1CAAF4045E267AD149BE /* Pods_Chat.framework in Frameworks */,
			);
			runOnlyForDeploymentPostprocessing = 0;
		};
		4607A76227219F5800135508 /* Frameworks */ = {
			isa = PBXFrameworksBuildPhase;
			buildActionMask = 2147483647;
			files = (
				6098D94FB9B2887E83F4DA46 /* Pods_ChatTests.framework in Frameworks */,
			);
			runOnlyForDeploymentPostprocessing = 0;
		};
		4607A76C27219F5800135508 /* Frameworks */ = {
			isa = PBXFrameworksBuildPhase;
			buildActionMask = 2147483647;
			files = (
				6394AFEE1DEDDDB31F99F758 /* Pods_Chat_ChatUITests.framework in Frameworks */,
			);
			runOnlyForDeploymentPostprocessing = 0;
		};
/* End PBXFrameworksBuildPhase section */

/* Begin PBXGroup section */
		4607A74627219F5700135508 = {
			isa = PBXGroup;
			children = (
				4607A75127219F5700135508 /* Chat */,
				4607A76827219F5800135508 /* ChatTests */,
				4607A77227219F5800135508 /* ChatUITests */,
				4607A75027219F5700135508 /* Products */,
				5AF702D5E771FD5102ED590B /* Pods */,
				6FAB5F9DEBA22102E1503050 /* Frameworks */,
			);
			sourceTree = "<group>";
		};
		4607A75027219F5700135508 /* Products */ = {
			isa = PBXGroup;
			children = (
				4607A74F27219F5700135508 /* Chat.app */,
				4607A76527219F5800135508 /* ChatTests.xctest */,
				4607A76F27219F5800135508 /* ChatUITests.xctest */,
			);
			name = Products;
			sourceTree = "<group>";
		};
		4607A75127219F5700135508 /* Chat */ = {
			isa = PBXGroup;
			children = (
				4607A75227219F5700135508 /* AppDelegate.swift */,
				4607A75427219F5700135508 /* SceneDelegate.swift */,
				4607A7972722B27100135508 /* AuthScene */,
				4607A7982722B4EF00135508 /* SignUpScene */,
				4607A7872721BD4600135508 /* Extensions */,
				4607A75B27219F5800135508 /* Assets.xcassets */,
				4607A78A2721BEE100135508 /* Colors.xcassets */,
				4607A75D27219F5800135508 /* LaunchScreen.storyboard */,
				4607A76027219F5800135508 /* Info.plist */,
			);
			path = Chat;
			sourceTree = "<group>";
		};
		4607A76827219F5800135508 /* ChatTests */ = {
			isa = PBXGroup;
			children = (
				4607A76927219F5800135508 /* ChatTests.swift */,
			);
			path = ChatTests;
			sourceTree = "<group>";
		};
		4607A77227219F5800135508 /* ChatUITests */ = {
			isa = PBXGroup;
			children = (
				4607A77327219F5800135508 /* ChatUITests.swift */,
				4607A77527219F5800135508 /* ChatUITestsLaunchTests.swift */,
			);
			path = ChatUITests;
			sourceTree = "<group>";
		};
		4607A7872721BD4600135508 /* Extensions */ = {
			isa = PBXGroup;
			children = (
				4607A7932722A6AD00135508 /* ButtonFormView.swift */,
				4607A7922722A42000135508 /* UIKit */,
			);
			path = Extensions;
			sourceTree = "<group>";
		};
		4607A7922722A42000135508 /* UIKit */ = {
			isa = PBXGroup;
			children = (
				4607A7852721BCCC00135508 /* UIFont + Extension.swift */,
				4607A7832721BAAB00135508 /* UIButton + Extension.swift */,
				4607A7882721BE8000135508 /* UIColor + Extension.swift */,
				4607A78C2721C29E00135508 /* UILabel + Extension.swift */,
				4607A78E2721C37C00135508 /* UIImageView + Extension.swift */,
				4607A7902721C41A00135508 /* UIImage + Extension.swift */,
				4607A7952722B0BF00135508 /* UIStackView + Extension.swift */,
			);
			path = UIKit;
			sourceTree = "<group>";
		};
		4607A7972722B27100135508 /* AuthScene */ = {
			isa = PBXGroup;
			children = (
				4607A75627219F5700135508 /* AuthViewController.swift */,
			);
			path = AuthScene;
			sourceTree = "<group>";
		};
		4607A7982722B4EF00135508 /* SignUpScene */ = {
			isa = PBXGroup;
			children = (
				4607A7992722B51A00135508 /* SignUpViewController.swift */,
			);
			path = SignUpScene;
			sourceTree = "<group>";
		};
		5AF702D5E771FD5102ED590B /* Pods */ = {
			isa = PBXGroup;
			children = (
				B3247CEC6535137D1E4FF0A7 /* Pods-Chat.debug.xcconfig */,
				A7BB53021D1C2BB1FCDCF868 /* Pods-Chat.release.xcconfig */,
				920BB45E05087FEB12D96DD9 /* Pods-Chat-ChatUITests.debug.xcconfig */,
				92926086DB621758F02776C1 /* Pods-Chat-ChatUITests.release.xcconfig */,
				603B431D22EF6CAA8BB6D34A /* Pods-ChatTests.debug.xcconfig */,
				0C5D5A5691E458677317B937 /* Pods-ChatTests.release.xcconfig */,
			);
			path = Pods;
			sourceTree = "<group>";
		};
		6FAB5F9DEBA22102E1503050 /* Frameworks */ = {
			isa = PBXGroup;
			children = (
				C0683BE75C4E2975AB3CCCB3 /* Pods_Chat.framework */,
				863DF11B08EE0EA722A8AE67 /* Pods_Chat_ChatUITests.framework */,
				E5AB81D7D0F5877A217F6352 /* Pods_ChatTests.framework */,
			);
			name = Frameworks;
			sourceTree = "<group>";
		};
/* End PBXGroup section */

/* Begin PBXNativeTarget section */
		4607A74E27219F5700135508 /* Chat */ = {
			isa = PBXNativeTarget;
			buildConfigurationList = 4607A77927219F5800135508 /* Build configuration list for PBXNativeTarget "Chat" */;
			buildPhases = (
				4607A7822721A14D00135508 /* ShellScript */,
				2DBAB3D4C674475290FABF29 /* [CP] Check Pods Manifest.lock */,
				4607A74B27219F5700135508 /* Sources */,
				4607A74C27219F5700135508 /* Frameworks */,
				4607A74D27219F5700135508 /* Resources */,
				0681532C9989DE72D755E78F /* [CP] Embed Pods Frameworks */,
			);
			buildRules = (
			);
			dependencies = (
			);
			name = Chat;
			productName = Chat;
			productReference = 4607A74F27219F5700135508 /* Chat.app */;
			productType = "com.apple.product-type.application";
		};
		4607A76427219F5800135508 /* ChatTests */ = {
			isa = PBXNativeTarget;
			buildConfigurationList = 4607A77C27219F5800135508 /* Build configuration list for PBXNativeTarget "ChatTests" */;
			buildPhases = (
				4BB872F8AC08170F44EF497B /* [CP] Check Pods Manifest.lock */,
				4607A76127219F5800135508 /* Sources */,
				4607A76227219F5800135508 /* Frameworks */,
				4607A76327219F5800135508 /* Resources */,
			);
			buildRules = (
			);
			dependencies = (
				4607A76727219F5800135508 /* PBXTargetDependency */,
			);
			name = ChatTests;
			productName = ChatTests;
			productReference = 4607A76527219F5800135508 /* ChatTests.xctest */;
			productType = "com.apple.product-type.bundle.unit-test";
		};
		4607A76E27219F5800135508 /* ChatUITests */ = {
			isa = PBXNativeTarget;
			buildConfigurationList = 4607A77F27219F5800135508 /* Build configuration list for PBXNativeTarget "ChatUITests" */;
			buildPhases = (
				B9DD54A75F4296590A1574E3 /* [CP] Check Pods Manifest.lock */,
				4607A76B27219F5800135508 /* Sources */,
				4607A76C27219F5800135508 /* Frameworks */,
				4607A76D27219F5800135508 /* Resources */,
				5400FD1101550E729D995714 /* [CP] Embed Pods Frameworks */,
			);
			buildRules = (
			);
			dependencies = (
				4607A77127219F5800135508 /* PBXTargetDependency */,
			);
			name = ChatUITests;
			productName = ChatUITests;
			productReference = 4607A76F27219F5800135508 /* ChatUITests.xctest */;
			productType = "com.apple.product-type.bundle.ui-testing";
		};
/* End PBXNativeTarget section */

/* Begin PBXProject section */
		4607A74727219F5700135508 /* Project object */ = {
			isa = PBXProject;
			attributes = {
				BuildIndependentTargetsInParallel = 1;
				LastSwiftUpdateCheck = 1300;
				LastUpgradeCheck = 1300;
				TargetAttributes = {
					4607A74E27219F5700135508 = {
						CreatedOnToolsVersion = 13.0;
					};
					4607A76427219F5800135508 = {
						CreatedOnToolsVersion = 13.0;
						TestTargetID = 4607A74E27219F5700135508;
					};
					4607A76E27219F5800135508 = {
						CreatedOnToolsVersion = 13.0;
						TestTargetID = 4607A74E27219F5700135508;
					};
				};
			};
			buildConfigurationList = 4607A74A27219F5700135508 /* Build configuration list for PBXProject "Chat" */;
			compatibilityVersion = "Xcode 13.0";
			developmentRegion = en;
			hasScannedForEncodings = 0;
			knownRegions = (
				en,
				Base,
			);
			mainGroup = 4607A74627219F5700135508;
			productRefGroup = 4607A75027219F5700135508 /* Products */;
			projectDirPath = "";
			projectRoot = "";
			targets = (
				4607A74E27219F5700135508 /* Chat */,
				4607A76427219F5800135508 /* ChatTests */,
				4607A76E27219F5800135508 /* ChatUITests */,
			);
		};
/* End PBXProject section */

/* Begin PBXResourcesBuildPhase section */
		4607A74D27219F5700135508 /* Resources */ = {
			isa = PBXResourcesBuildPhase;
			buildActionMask = 2147483647;
			files = (
				4607A78B2721BEE100135508 /* Colors.xcassets in Resources */,
				4607A75F27219F5800135508 /* LaunchScreen.storyboard in Resources */,
				4607A75C27219F5800135508 /* Assets.xcassets in Resources */,
			);
			runOnlyForDeploymentPostprocessing = 0;
		};
		4607A76327219F5800135508 /* Resources */ = {
			isa = PBXResourcesBuildPhase;
			buildActionMask = 2147483647;
			files = (
			);
			runOnlyForDeploymentPostprocessing = 0;
		};
		4607A76D27219F5800135508 /* Resources */ = {
			isa = PBXResourcesBuildPhase;
			buildActionMask = 2147483647;
			files = (
			);
			runOnlyForDeploymentPostprocessing = 0;
		};
/* End PBXResourcesBuildPhase section */

/* Begin PBXShellScriptBuildPhase section */
		0681532C9989DE72D755E78F /* [CP] Embed Pods Frameworks */ = {
			isa = PBXShellScriptBuildPhase;
			buildActionMask = 2147483647;
			files = (
			);
			inputFileListPaths = (
				"${PODS_ROOT}/Target Support Files/Pods-Chat/Pods-Chat-frameworks-${CONFIGURATION}-input-files.xcfilelist",
			);
			name = "[CP] Embed Pods Frameworks";
			outputFileListPaths = (
				"${PODS_ROOT}/Target Support Files/Pods-Chat/Pods-Chat-frameworks-${CONFIGURATION}-output-files.xcfilelist",
			);
			runOnlyForDeploymentPostprocessing = 0;
			shellPath = /bin/sh;
			shellScript = "\"${PODS_ROOT}/Target Support Files/Pods-Chat/Pods-Chat-frameworks.sh\"\n";
			showEnvVarsInLog = 0;
		};
		2DBAB3D4C674475290FABF29 /* [CP] Check Pods Manifest.lock */ = {
			isa = PBXShellScriptBuildPhase;
			buildActionMask = 2147483647;
			files = (
			);
			inputFileListPaths = (
			);
			inputPaths = (
				"${PODS_PODFILE_DIR_PATH}/Podfile.lock",
				"${PODS_ROOT}/Manifest.lock",
			);
			name = "[CP] Check Pods Manifest.lock";
			outputFileListPaths = (
			);
			outputPaths = (
				"$(DERIVED_FILE_DIR)/Pods-Chat-checkManifestLockResult.txt",
			);
			runOnlyForDeploymentPostprocessing = 0;
			shellPath = /bin/sh;
			shellScript = "diff \"${PODS_PODFILE_DIR_PATH}/Podfile.lock\" \"${PODS_ROOT}/Manifest.lock\" > /dev/null\nif [ $? != 0 ] ; then\n    # print error to STDERR\n    echo \"error: The sandbox is not in sync with the Podfile.lock. Run 'pod install' or update your CocoaPods installation.\" >&2\n    exit 1\nfi\n# This output is used by Xcode 'outputs' to avoid re-running this script phase.\necho \"SUCCESS\" > \"${SCRIPT_OUTPUT_FILE_0}\"\n";
			showEnvVarsInLog = 0;
		};
		4607A7822721A14D00135508 /* ShellScript */ = {
			isa = PBXShellScriptBuildPhase;
			buildActionMask = 2147483647;
			files = (
			);
			inputFileListPaths = (
			);
			inputPaths = (
			);
			outputFileListPaths = (
			);
			outputPaths = (
			);
			runOnlyForDeploymentPostprocessing = 0;
			shellPath = /bin/sh;
			shellScript = "${PODS_ROOT}/SwiftLint/swiftlint\n";
		};
		4BB872F8AC08170F44EF497B /* [CP] Check Pods Manifest.lock */ = {
			isa = PBXShellScriptBuildPhase;
			buildActionMask = 2147483647;
			files = (
			);
			inputFileListPaths = (
			);
			inputPaths = (
				"${PODS_PODFILE_DIR_PATH}/Podfile.lock",
				"${PODS_ROOT}/Manifest.lock",
			);
			name = "[CP] Check Pods Manifest.lock";
			outputFileListPaths = (
			);
			outputPaths = (
				"$(DERIVED_FILE_DIR)/Pods-ChatTests-checkManifestLockResult.txt",
			);
			runOnlyForDeploymentPostprocessing = 0;
			shellPath = /bin/sh;
			shellScript = "diff \"${PODS_PODFILE_DIR_PATH}/Podfile.lock\" \"${PODS_ROOT}/Manifest.lock\" > /dev/null\nif [ $? != 0 ] ; then\n    # print error to STDERR\n    echo \"error: The sandbox is not in sync with the Podfile.lock. Run 'pod install' or update your CocoaPods installation.\" >&2\n    exit 1\nfi\n# This output is used by Xcode 'outputs' to avoid re-running this script phase.\necho \"SUCCESS\" > \"${SCRIPT_OUTPUT_FILE_0}\"\n";
			showEnvVarsInLog = 0;
		};
		5400FD1101550E729D995714 /* [CP] Embed Pods Frameworks */ = {
			isa = PBXShellScriptBuildPhase;
			buildActionMask = 2147483647;
			files = (
			);
			inputFileListPaths = (
				"${PODS_ROOT}/Target Support Files/Pods-Chat-ChatUITests/Pods-Chat-ChatUITests-frameworks-${CONFIGURATION}-input-files.xcfilelist",
			);
			name = "[CP] Embed Pods Frameworks";
			outputFileListPaths = (
				"${PODS_ROOT}/Target Support Files/Pods-Chat-ChatUITests/Pods-Chat-ChatUITests-frameworks-${CONFIGURATION}-output-files.xcfilelist",
			);
			runOnlyForDeploymentPostprocessing = 0;
			shellPath = /bin/sh;
			shellScript = "\"${PODS_ROOT}/Target Support Files/Pods-Chat-ChatUITests/Pods-Chat-ChatUITests-frameworks.sh\"\n";
			showEnvVarsInLog = 0;
		};
		B9DD54A75F4296590A1574E3 /* [CP] Check Pods Manifest.lock */ = {
			isa = PBXShellScriptBuildPhase;
			buildActionMask = 2147483647;
			files = (
			);
			inputFileListPaths = (
			);
			inputPaths = (
				"${PODS_PODFILE_DIR_PATH}/Podfile.lock",
				"${PODS_ROOT}/Manifest.lock",
			);
			name = "[CP] Check Pods Manifest.lock";
			outputFileListPaths = (
			);
			outputPaths = (
				"$(DERIVED_FILE_DIR)/Pods-Chat-ChatUITests-checkManifestLockResult.txt",
			);
			runOnlyForDeploymentPostprocessing = 0;
			shellPath = /bin/sh;
			shellScript = "diff \"${PODS_PODFILE_DIR_PATH}/Podfile.lock\" \"${PODS_ROOT}/Manifest.lock\" > /dev/null\nif [ $? != 0 ] ; then\n    # print error to STDERR\n    echo \"error: The sandbox is not in sync with the Podfile.lock. Run 'pod install' or update your CocoaPods installation.\" >&2\n    exit 1\nfi\n# This output is used by Xcode 'outputs' to avoid re-running this script phase.\necho \"SUCCESS\" > \"${SCRIPT_OUTPUT_FILE_0}\"\n";
			showEnvVarsInLog = 0;
		};
/* End PBXShellScriptBuildPhase section */

/* Begin PBXSourcesBuildPhase section */
		4607A74B27219F5700135508 /* Sources */ = {
			isa = PBXSourcesBuildPhase;
			buildActionMask = 2147483647;
			files = (
				4607A7862721BCCC00135508 /* UIFont + Extension.swift in Sources */,
				4607A7942722A6AD00135508 /* ButtonFormView.swift in Sources */,
				4607A75727219F5700135508 /* AuthViewController.swift in Sources */,
				4607A78D2721C29E00135508 /* UILabel + Extension.swift in Sources */,
				4607A75327219F5700135508 /* AppDelegate.swift in Sources */,
				4607A78F2721C37C00135508 /* UIImageView + Extension.swift in Sources */,
				4607A79A2722B51A00135508 /* SignUpViewController.swift in Sources */,
				4607A7962722B0BF00135508 /* UIStackView + Extension.swift in Sources */,
				4607A7912721C41A00135508 /* UIImage + Extension.swift in Sources */,
				4607A7892721BE8000135508 /* UIColor + Extension.swift in Sources */,
				4607A75527219F5700135508 /* SceneDelegate.swift in Sources */,
				4607A7842721BAAB00135508 /* UIButton + Extension.swift in Sources */,
			);
			runOnlyForDeploymentPostprocessing = 0;
		};
		4607A76127219F5800135508 /* Sources */ = {
			isa = PBXSourcesBuildPhase;
			buildActionMask = 2147483647;
			files = (
				4607A76A27219F5800135508 /* ChatTests.swift in Sources */,
			);
			runOnlyForDeploymentPostprocessing = 0;
		};
		4607A76B27219F5800135508 /* Sources */ = {
			isa = PBXSourcesBuildPhase;
			buildActionMask = 2147483647;
			files = (
				4607A77627219F5800135508 /* ChatUITestsLaunchTests.swift in Sources */,
				4607A77427219F5800135508 /* ChatUITests.swift in Sources */,
			);
			runOnlyForDeploymentPostprocessing = 0;
		};
/* End PBXSourcesBuildPhase section */

/* Begin PBXTargetDependency section */
		4607A76727219F5800135508 /* PBXTargetDependency */ = {
			isa = PBXTargetDependency;
			target = 4607A74E27219F5700135508 /* Chat */;
			targetProxy = 4607A76627219F5800135508 /* PBXContainerItemProxy */;
		};
		4607A77127219F5800135508 /* PBXTargetDependency */ = {
			isa = PBXTargetDependency;
			target = 4607A74E27219F5700135508 /* Chat */;
			targetProxy = 4607A77027219F5800135508 /* PBXContainerItemProxy */;
		};
/* End PBXTargetDependency section */

/* Begin PBXVariantGroup section */
		4607A75D27219F5800135508 /* LaunchScreen.storyboard */ = {
			isa = PBXVariantGroup;
			children = (
				4607A75E27219F5800135508 /* Base */,
			);
			name = LaunchScreen.storyboard;
			sourceTree = "<group>";
		};
/* End PBXVariantGroup section */

/* Begin XCBuildConfiguration section */
		4607A77727219F5800135508 /* Debug */ = {
			isa = XCBuildConfiguration;
			buildSettings = {
				ALWAYS_SEARCH_USER_PATHS = NO;
				CLANG_ANALYZER_NONNULL = YES;
				CLANG_ANALYZER_NUMBER_OBJECT_CONVERSION = YES_AGGRESSIVE;
				CLANG_CXX_LANGUAGE_STANDARD = "gnu++17";
				CLANG_CXX_LIBRARY = "libc++";
				CLANG_ENABLE_MODULES = YES;
				CLANG_ENABLE_OBJC_ARC = YES;
				CLANG_ENABLE_OBJC_WEAK = YES;
				CLANG_WARN_BLOCK_CAPTURE_AUTORELEASING = YES;
				CLANG_WARN_BOOL_CONVERSION = YES;
				CLANG_WARN_COMMA = YES;
				CLANG_WARN_CONSTANT_CONVERSION = YES;
				CLANG_WARN_DEPRECATED_OBJC_IMPLEMENTATIONS = YES;
				CLANG_WARN_DIRECT_OBJC_ISA_USAGE = YES_ERROR;
				CLANG_WARN_DOCUMENTATION_COMMENTS = YES;
				CLANG_WARN_EMPTY_BODY = YES;
				CLANG_WARN_ENUM_CONVERSION = YES;
				CLANG_WARN_INFINITE_RECURSION = YES;
				CLANG_WARN_INT_CONVERSION = YES;
				CLANG_WARN_NON_LITERAL_NULL_CONVERSION = YES;
				CLANG_WARN_OBJC_IMPLICIT_RETAIN_SELF = YES;
				CLANG_WARN_OBJC_LITERAL_CONVERSION = YES;
				CLANG_WARN_OBJC_ROOT_CLASS = YES_ERROR;
				CLANG_WARN_QUOTED_INCLUDE_IN_FRAMEWORK_HEADER = YES;
				CLANG_WARN_RANGE_LOOP_ANALYSIS = YES;
				CLANG_WARN_STRICT_PROTOTYPES = YES;
				CLANG_WARN_SUSPICIOUS_MOVE = YES;
				CLANG_WARN_UNGUARDED_AVAILABILITY = YES_AGGRESSIVE;
				CLANG_WARN_UNREACHABLE_CODE = YES;
				CLANG_WARN__DUPLICATE_METHOD_MATCH = YES;
				COPY_PHASE_STRIP = NO;
				DEBUG_INFORMATION_FORMAT = dwarf;
				ENABLE_STRICT_OBJC_MSGSEND = YES;
				ENABLE_TESTABILITY = YES;
				GCC_C_LANGUAGE_STANDARD = gnu11;
				GCC_DYNAMIC_NO_PIC = NO;
				GCC_NO_COMMON_BLOCKS = YES;
				GCC_OPTIMIZATION_LEVEL = 0;
				GCC_PREPROCESSOR_DEFINITIONS = (
					"DEBUG=1",
					"$(inherited)",
				);
				GCC_WARN_64_TO_32_BIT_CONVERSION = YES;
				GCC_WARN_ABOUT_RETURN_TYPE = YES_ERROR;
				GCC_WARN_UNDECLARED_SELECTOR = YES;
				GCC_WARN_UNINITIALIZED_AUTOS = YES_AGGRESSIVE;
				GCC_WARN_UNUSED_FUNCTION = YES;
				GCC_WARN_UNUSED_VARIABLE = YES;
				IPHONEOS_DEPLOYMENT_TARGET = 13.0;
				MTL_ENABLE_DEBUG_INFO = INCLUDE_SOURCE;
				MTL_FAST_MATH = YES;
				ONLY_ACTIVE_ARCH = YES;
				SDKROOT = iphoneos;
				SWIFT_ACTIVE_COMPILATION_CONDITIONS = DEBUG;
				SWIFT_OPTIMIZATION_LEVEL = "-Onone";
			};
			name = Debug;
		};
		4607A77827219F5800135508 /* Release */ = {
			isa = XCBuildConfiguration;
			buildSettings = {
				ALWAYS_SEARCH_USER_PATHS = NO;
				CLANG_ANALYZER_NONNULL = YES;
				CLANG_ANALYZER_NUMBER_OBJECT_CONVERSION = YES_AGGRESSIVE;
				CLANG_CXX_LANGUAGE_STANDARD = "gnu++17";
				CLANG_CXX_LIBRARY = "libc++";
				CLANG_ENABLE_MODULES = YES;
				CLANG_ENABLE_OBJC_ARC = YES;
				CLANG_ENABLE_OBJC_WEAK = YES;
				CLANG_WARN_BLOCK_CAPTURE_AUTORELEASING = YES;
				CLANG_WARN_BOOL_CONVERSION = YES;
				CLANG_WARN_COMMA = YES;
				CLANG_WARN_CONSTANT_CONVERSION = YES;
				CLANG_WARN_DEPRECATED_OBJC_IMPLEMENTATIONS = YES;
				CLANG_WARN_DIRECT_OBJC_ISA_USAGE = YES_ERROR;
				CLANG_WARN_DOCUMENTATION_COMMENTS = YES;
				CLANG_WARN_EMPTY_BODY = YES;
				CLANG_WARN_ENUM_CONVERSION = YES;
				CLANG_WARN_INFINITE_RECURSION = YES;
				CLANG_WARN_INT_CONVERSION = YES;
				CLANG_WARN_NON_LITERAL_NULL_CONVERSION = YES;
				CLANG_WARN_OBJC_IMPLICIT_RETAIN_SELF = YES;
				CLANG_WARN_OBJC_LITERAL_CONVERSION = YES;
				CLANG_WARN_OBJC_ROOT_CLASS = YES_ERROR;
				CLANG_WARN_QUOTED_INCLUDE_IN_FRAMEWORK_HEADER = YES;
				CLANG_WARN_RANGE_LOOP_ANALYSIS = YES;
				CLANG_WARN_STRICT_PROTOTYPES = YES;
				CLANG_WARN_SUSPICIOUS_MOVE = YES;
				CLANG_WARN_UNGUARDED_AVAILABILITY = YES_AGGRESSIVE;
				CLANG_WARN_UNREACHABLE_CODE = YES;
				CLANG_WARN__DUPLICATE_METHOD_MATCH = YES;
				COPY_PHASE_STRIP = NO;
				DEBUG_INFORMATION_FORMAT = "dwarf-with-dsym";
				ENABLE_NS_ASSERTIONS = NO;
				ENABLE_STRICT_OBJC_MSGSEND = YES;
				GCC_C_LANGUAGE_STANDARD = gnu11;
				GCC_NO_COMMON_BLOCKS = YES;
				GCC_WARN_64_TO_32_BIT_CONVERSION = YES;
				GCC_WARN_ABOUT_RETURN_TYPE = YES_ERROR;
				GCC_WARN_UNDECLARED_SELECTOR = YES;
				GCC_WARN_UNINITIALIZED_AUTOS = YES_AGGRESSIVE;
				GCC_WARN_UNUSED_FUNCTION = YES;
				GCC_WARN_UNUSED_VARIABLE = YES;
				IPHONEOS_DEPLOYMENT_TARGET = 13.0;
				MTL_ENABLE_DEBUG_INFO = NO;
				MTL_FAST_MATH = YES;
				SDKROOT = iphoneos;
				SWIFT_COMPILATION_MODE = wholemodule;
				SWIFT_OPTIMIZATION_LEVEL = "-O";
				VALIDATE_PRODUCT = YES;
			};
			name = Release;
		};
		4607A77A27219F5800135508 /* Debug */ = {
			isa = XCBuildConfiguration;
			baseConfigurationReference = B3247CEC6535137D1E4FF0A7 /* Pods-Chat.debug.xcconfig */;
			buildSettings = {
				ASSETCATALOG_COMPILER_APPICON_NAME = AppIcon;
				ASSETCATALOG_COMPILER_GLOBAL_ACCENT_COLOR_NAME = AccentColor;
				CODE_SIGN_STYLE = Automatic;
				CURRENT_PROJECT_VERSION = 1;
				DEVELOPMENT_TEAM = 2ZJNXLX3CB;
				GENERATE_INFOPLIST_FILE = YES;
				INFOPLIST_FILE = Chat/Info.plist;
				INFOPLIST_KEY_UIApplicationSupportsIndirectInputEvents = YES;
				INFOPLIST_KEY_UILaunchStoryboardName = LaunchScreen;
				INFOPLIST_KEY_UISupportedInterfaceOrientations_iPad = "UIInterfaceOrientationPortrait UIInterfaceOrientationPortraitUpsideDown UIInterfaceOrientationLandscapeLeft UIInterfaceOrientationLandscapeRight";
				INFOPLIST_KEY_UISupportedInterfaceOrientations_iPhone = "UIInterfaceOrientationPortrait UIInterfaceOrientationLandscapeLeft UIInterfaceOrientationLandscapeRight";
				LD_RUNPATH_SEARCH_PATHS = (
					"$(inherited)",
					"@executable_path/Frameworks",
				);
				MARKETING_VERSION = 1.0;
				PRODUCT_BUNDLE_IDENTIFIER = Marina.Chat;
				PRODUCT_NAME = "$(TARGET_NAME)";
				SWIFT_EMIT_LOC_STRINGS = YES;
				SWIFT_VERSION = 5.0;
				TARGETED_DEVICE_FAMILY = "1,2";
			};
			name = Debug;
		};
		4607A77B27219F5800135508 /* Release */ = {
			isa = XCBuildConfiguration;
			baseConfigurationReference = A7BB53021D1C2BB1FCDCF868 /* Pods-Chat.release.xcconfig */;
			buildSettings = {
				ASSETCATALOG_COMPILER_APPICON_NAME = AppIcon;
				ASSETCATALOG_COMPILER_GLOBAL_ACCENT_COLOR_NAME = AccentColor;
				CODE_SIGN_STYLE = Automatic;
				CURRENT_PROJECT_VERSION = 1;
				DEVELOPMENT_TEAM = 2ZJNXLX3CB;
				GENERATE_INFOPLIST_FILE = YES;
				INFOPLIST_FILE = Chat/Info.plist;
				INFOPLIST_KEY_UIApplicationSupportsIndirectInputEvents = YES;
				INFOPLIST_KEY_UILaunchStoryboardName = LaunchScreen;
				INFOPLIST_KEY_UISupportedInterfaceOrientations_iPad = "UIInterfaceOrientationPortrait UIInterfaceOrientationPortraitUpsideDown UIInterfaceOrientationLandscapeLeft UIInterfaceOrientationLandscapeRight";
				INFOPLIST_KEY_UISupportedInterfaceOrientations_iPhone = "UIInterfaceOrientationPortrait UIInterfaceOrientationLandscapeLeft UIInterfaceOrientationLandscapeRight";
				LD_RUNPATH_SEARCH_PATHS = (
					"$(inherited)",
					"@executable_path/Frameworks",
				);
				MARKETING_VERSION = 1.0;
				PRODUCT_BUNDLE_IDENTIFIER = Marina.Chat;
				PRODUCT_NAME = "$(TARGET_NAME)";
				SWIFT_EMIT_LOC_STRINGS = YES;
				SWIFT_VERSION = 5.0;
				TARGETED_DEVICE_FAMILY = "1,2";
			};
			name = Release;
		};
		4607A77D27219F5800135508 /* Debug */ = {
			isa = XCBuildConfiguration;
			baseConfigurationReference = 603B431D22EF6CAA8BB6D34A /* Pods-ChatTests.debug.xcconfig */;
			buildSettings = {
				ALWAYS_EMBED_SWIFT_STANDARD_LIBRARIES = YES;
				BUNDLE_LOADER = "$(TEST_HOST)";
				CODE_SIGN_STYLE = Automatic;
				CURRENT_PROJECT_VERSION = 1;
				DEVELOPMENT_TEAM = 2ZJNXLX3CB;
				GENERATE_INFOPLIST_FILE = YES;
				IPHONEOS_DEPLOYMENT_TARGET = 15.0;
				LD_RUNPATH_SEARCH_PATHS = (
					"$(inherited)",
					"@executable_path/Frameworks",
					"@loader_path/Frameworks",
				);
				MARKETING_VERSION = 1.0;
				PRODUCT_BUNDLE_IDENTIFIER = Marina.ChatTests;
				PRODUCT_NAME = "$(TARGET_NAME)";
				SWIFT_EMIT_LOC_STRINGS = NO;
				SWIFT_VERSION = 5.0;
				TARGETED_DEVICE_FAMILY = "1,2";
				TEST_HOST = "$(BUILT_PRODUCTS_DIR)/Chat.app/Chat";
			};
			name = Debug;
		};
		4607A77E27219F5800135508 /* Release */ = {
			isa = XCBuildConfiguration;
			baseConfigurationReference = 0C5D5A5691E458677317B937 /* Pods-ChatTests.release.xcconfig */;
			buildSettings = {
				ALWAYS_EMBED_SWIFT_STANDARD_LIBRARIES = YES;
				BUNDLE_LOADER = "$(TEST_HOST)";
				CODE_SIGN_STYLE = Automatic;
				CURRENT_PROJECT_VERSION = 1;
				DEVELOPMENT_TEAM = 2ZJNXLX3CB;
				GENERATE_INFOPLIST_FILE = YES;
				IPHONEOS_DEPLOYMENT_TARGET = 15.0;
				LD_RUNPATH_SEARCH_PATHS = (
					"$(inherited)",
					"@executable_path/Frameworks",
					"@loader_path/Frameworks",
				);
				MARKETING_VERSION = 1.0;
				PRODUCT_BUNDLE_IDENTIFIER = Marina.ChatTests;
				PRODUCT_NAME = "$(TARGET_NAME)";
				SWIFT_EMIT_LOC_STRINGS = NO;
				SWIFT_VERSION = 5.0;
				TARGETED_DEVICE_FAMILY = "1,2";
				TEST_HOST = "$(BUILT_PRODUCTS_DIR)/Chat.app/Chat";
			};
			name = Release;
		};
		4607A78027219F5800135508 /* Debug */ = {
			isa = XCBuildConfiguration;
			baseConfigurationReference = 920BB45E05087FEB12D96DD9 /* Pods-Chat-ChatUITests.debug.xcconfig */;
			buildSettings = {
				ALWAYS_EMBED_SWIFT_STANDARD_LIBRARIES = YES;
				CODE_SIGN_STYLE = Automatic;
				CURRENT_PROJECT_VERSION = 1;
				DEVELOPMENT_TEAM = 2ZJNXLX3CB;
				GENERATE_INFOPLIST_FILE = YES;
				LD_RUNPATH_SEARCH_PATHS = (
					"$(inherited)",
					"@executable_path/Frameworks",
					"@loader_path/Frameworks",
				);
				MARKETING_VERSION = 1.0;
				PRODUCT_BUNDLE_IDENTIFIER = Marina.ChatUITests;
				PRODUCT_NAME = "$(TARGET_NAME)";
				SWIFT_EMIT_LOC_STRINGS = NO;
				SWIFT_VERSION = 5.0;
				TARGETED_DEVICE_FAMILY = "1,2";
				TEST_TARGET_NAME = Chat;
			};
			name = Debug;
		};
		4607A78127219F5800135508 /* Release */ = {
			isa = XCBuildConfiguration;
			baseConfigurationReference = 92926086DB621758F02776C1 /* Pods-Chat-ChatUITests.release.xcconfig */;
			buildSettings = {
				ALWAYS_EMBED_SWIFT_STANDARD_LIBRARIES = YES;
				CODE_SIGN_STYLE = Automatic;
				CURRENT_PROJECT_VERSION = 1;
				DEVELOPMENT_TEAM = 2ZJNXLX3CB;
				GENERATE_INFOPLIST_FILE = YES;
				LD_RUNPATH_SEARCH_PATHS = (
					"$(inherited)",
					"@executable_path/Frameworks",
					"@loader_path/Frameworks",
				);
				MARKETING_VERSION = 1.0;
				PRODUCT_BUNDLE_IDENTIFIER = Marina.ChatUITests;
				PRODUCT_NAME = "$(TARGET_NAME)";
				SWIFT_EMIT_LOC_STRINGS = NO;
				SWIFT_VERSION = 5.0;
				TARGETED_DEVICE_FAMILY = "1,2";
				TEST_TARGET_NAME = Chat;
			};
			name = Release;
		};
/* End XCBuildConfiguration section */

/* Begin XCConfigurationList section */
		4607A74A27219F5700135508 /* Build configuration list for PBXProject "Chat" */ = {
			isa = XCConfigurationList;
			buildConfigurations = (
				4607A77727219F5800135508 /* Debug */,
				4607A77827219F5800135508 /* Release */,
			);
			defaultConfigurationIsVisible = 0;
			defaultConfigurationName = Release;
		};
		4607A77927219F5800135508 /* Build configuration list for PBXNativeTarget "Chat" */ = {
			isa = XCConfigurationList;
			buildConfigurations = (
				4607A77A27219F5800135508 /* Debug */,
				4607A77B27219F5800135508 /* Release */,
			);
			defaultConfigurationIsVisible = 0;
			defaultConfigurationName = Release;
		};
		4607A77C27219F5800135508 /* Build configuration list for PBXNativeTarget "ChatTests" */ = {
			isa = XCConfigurationList;
			buildConfigurations = (
				4607A77D27219F5800135508 /* Debug */,
				4607A77E27219F5800135508 /* Release */,
			);
			defaultConfigurationIsVisible = 0;
			defaultConfigurationName = Release;
		};
		4607A77F27219F5800135508 /* Build configuration list for PBXNativeTarget "ChatUITests" */ = {
			isa = XCConfigurationList;
			buildConfigurations = (
				4607A78027219F5800135508 /* Debug */,
				4607A78127219F5800135508 /* Release */,
			);
			defaultConfigurationIsVisible = 0;
			defaultConfigurationName = Release;
		};
/* End XCConfigurationList section */
	};
	rootObject = 4607A74727219F5700135508 /* Project object */;
}
